
Microsoft Visual Studio Solution File, Format Version 12.00
# Visual Studio Version 17
VisualStudioVersion = 17.7.34221.43
MinimumVisualStudioVersion = 10.0.40219.1
Project("{FAE04EC0-301F-11D3-BF4B-00C04F79EFBC}") = "NotifyChangeEvent", "NotifyChangeEvent.csproj", "{508485B6-BA5F-427F-8D0F-6D8789BF5F27}"
EndProject
Global
	GlobalSection(SolutionConfigurationPlatforms) = preSolution
		Debug|Any CPU = Debug|Any CPU
		Release|Any CPU = Release|Any CPU
	EndGlobalSection
	GlobalSection(ProjectConfigurationPlatforms) = postSolution
		{508485B6-BA5F-427F-8D0F-6D8789BF5F27}.Debug|Any CPU.ActiveCfg = Debug|Any CPU
		{508485B6-BA5F-427F-8D0F-6D8789BF5F27}.Debug|Any CPU.Build.0 = Debug|Any CPU
		{508485B6-BA5F-427F-8D0F-6D8789BF5F27}.Release|Any CPU.ActiveCfg = Release|Any CPU
		{508485B6-BA5F-427F-8D0F-6D8789BF5F27}.Release|Any CPU.Build.0 = Release|Any CPU
	EndGlobalSection
	GlobalSection(SolutionProperties) = preSolution
		HideSolutionNode = FALSE
	EndGlobalSection
	GlobalSection(ExtensibilityGlobals) = postSolution
		SolutionGuid = {85A7DD59-8188-4276-A92A-F83907ED5696}
	EndGlobalSection
EndGlobal
